
Microsoft Visual Studio Solution File, Format Version 12.00
# Visual Studio Version 17
VisualStudioVersion = 17.14.36408.4 d17.14
MinimumVisualStudioVersion = 10.0.40219.1
Project("{FAE04EC0-301F-11D3-BF4B-00C04F79EFBC}") = "CoderSquare.API", "CoderSquare.API\CoderSquare.API.csproj", "{D12A3C10-D23B-4621-BE3C-B49D651EF845}"
EndProject
Project("{FAE04EC0-301F-11D3-BF4B-00C04F79EFBC}") = "CoderSquare.DAL", "CoderSquare.DAL\CoderSquare.DAL.csproj", "{87B850CD-612C-46C2-8774-F1AEEF1EAE88}"
EndProject
Project("{FAE04EC0-301F-11D3-BF4B-00C04F79EFBC}") = "CoderSquare.BLL", "CoderSquare.BLL\CoderSquare.BLL.csproj", "{BAA72825-49D7-405B-8394-895077B03D68}"
EndProject
Global
	GlobalSection(SolutionConfigurationPlatforms) = preSolution
		Debug|Any CPU = Debug|Any CPU
		Release|Any CPU = Release|Any CPU
	EndGlobalSection
	GlobalSection(ProjectConfigurationPlatforms) = postSolution
		{D12A3C10-D23B-4621-BE3C-B49D651EF845}.Debug|Any CPU.ActiveCfg = Debug|Any CPU
		{D12A3C10-D23B-4621-BE3C-B49D651EF845}.Debug|Any CPU.Build.0 = Debug|Any CPU
		{D12A3C10-D23B-4621-BE3C-B49D651EF845}.Release|Any CPU.ActiveCfg = Release|Any CPU
		{D12A3C10-D23B-4621-BE3C-B49D651EF845}.Release|Any CPU.Build.0 = Release|Any CPU
		{87B850CD-612C-46C2-8774-F1AEEF1EAE88}.Debug|Any CPU.ActiveCfg = Debug|Any CPU
		{87B850CD-612C-46C2-8774-F1AEEF1EAE88}.Debug|Any CPU.Build.0 = Debug|Any CPU
		{87B850CD-612C-46C2-8774-F1AEEF1EAE88}.Release|Any CPU.ActiveCfg = Release|Any CPU
		{87B850CD-612C-46C2-8774-F1AEEF1EAE88}.Release|Any CPU.Build.0 = Release|Any CPU
		{BAA72825-49D7-405B-8394-895077B03D68}.Debug|Any CPU.ActiveCfg = Debug|Any CPU
		{BAA72825-49D7-405B-8394-895077B03D68}.Debug|Any CPU.Build.0 = Debug|Any CPU
		{BAA72825-49D7-405B-8394-895077B03D68}.Release|Any CPU.ActiveCfg = Release|Any CPU
		{BAA72825-49D7-405B-8394-895077B03D68}.Release|Any CPU.Build.0 = Release|Any CPU
	EndGlobalSection
	GlobalSection(SolutionProperties) = preSolution
		HideSolutionNode = FALSE
	EndGlobalSection
	GlobalSection(ExtensibilityGlobals) = postSolution
		SolutionGuid = {5DE23FE2-EF07-40B4-B624-D49F2A1B851A}
	EndGlobalSection
EndGlobal
